// !$*UTF8*$!
{
	archiveVersion = 1;
	classes = {
	};
	objectVersion = 48;
	objects = {

/* Begin PBXBuildFile section */
		B33219721FD60C9A008ADC5D /* AppDelegate.m in Sources */ = {isa = PBXBuildFile; fileRef = B33219711FD60C9A008ADC5D /* AppDelegate.m */; };
		B33219751FD60C9B008ADC5D /* ViewController.m in Sources */ = {isa = PBXBuildFile; fileRef = B33219741FD60C9B008ADC5D /* ViewController.m */; };
		B33219781FD60C9B008ADC5D /* Main.storyboard in Resources */ = {isa = PBXBuildFile; fileRef = B33219761FD60C9B008ADC5D /* Main.storyboard */; };
		B332197A1FD60C9B008ADC5D /* Assets.xcassets in Resources */ = {isa = PBXBuildFile; fileRef = B33219791FD60C9B008ADC5D /* Assets.xcassets */; };
		B332197D1FD60C9B008ADC5D /* LaunchScreen.storyboard in Resources */ = {isa = PBXBuildFile; fileRef = B332197B1FD60C9B008ADC5D /* LaunchScreen.storyboard */; };
		B33219801FD60C9B008ADC5D /* main.m in Sources */ = {isa = PBXBuildFile; fileRef = B332197F1FD60C9B008ADC5D /* main.m */; };
		B332198D1FD6109B008ADC5D /* HelloSharedUI.iOS.framework in Frameworks */ = {isa = PBXBuildFile; fileRef = B332198C1FD6109B008ADC5D /* HelloSharedUI.iOS.framework */; };
		B332198E1FD610A1008ADC5D /* HelloSharedUI.iOS.framework in Resources */ = {isa = PBXBuildFile; fileRef = B332198C1FD6109B008ADC5D /* HelloSharedUI.iOS.framework */; };
		B332198F1FD610A9008ADC5D /* HelloSharedUI.iOS.framework in Frameworks */ = {isa = PBXBuildFile; fileRef = B332198C1FD6109B008ADC5D /* HelloSharedUI.iOS.framework */; };
		B33219901FD610A9008ADC5D /* HelloSharedUI.iOS.framework in Embed Frameworks */ = {isa = PBXBuildFile; fileRef = B332198C1FD6109B008ADC5D /* HelloSharedUI.iOS.framework */; settings = {ATTRIBUTES = (CodeSignOnCopy, RemoveHeadersOnCopy, ); }; };
/* End PBXBuildFile section */

/* Begin PBXCopyFilesBuildPhase section */
		B332198A1FD60D04008ADC5D /* Embed Frameworks */ = {
			isa = PBXCopyFilesBuildPhase;
			buildActionMask = 2147483647;
			dstPath = "";
			dstSubfolderSpec = 10;
			files = (
				B33219901FD610A9008ADC5D /* HelloSharedUI.iOS.framework in Embed Frameworks */,
			);
			name = "Embed Frameworks";
			runOnlyForDeploymentPostprocessing = 0;
		};
/* End PBXCopyFilesBuildPhase section */

/* Begin PBXFileReference section */
		B332196D1FD60C9A008ADC5D /* HelloSharedUIObjc.app */ = {isa = PBXFileReference; explicitFileType = wrapper.application; includeInIndex = 0; path = HelloSharedUIObjc.app; sourceTree = BUILT_PRODUCTS_DIR; };
		B33219701FD60C9A008ADC5D /* AppDelegate.h */ = {isa = PBXFileReference; lastKnownFileType = sourcecode.c.h; path = AppDelegate.h; sourceTree = "<group>"; };
		B33219711FD60C9A008ADC5D /* AppDelegate.m */ = {isa = PBXFileReference; lastKnownFileType = sourcecode.c.objc; path = AppDelegate.m; sourceTree = "<group>"; };
		B33219731FD60C9A008ADC5D /* ViewController.h */ = {isa = PBXFileReference; lastKnownFileType = sourcecode.c.h; path = ViewController.h; sourceTree = "<group>"; };
		B33219741FD60C9B008ADC5D /* ViewController.m */ = {isa = PBXFileReference; lastKnownFileType = sourcecode.c.objc; path = ViewController.m; sourceTree = "<group>"; };
		B33219771FD60C9B008ADC5D /* Base */ = {isa = PBXFileReference; lastKnownFileType = file.storyboard; name = Base; path = Base.lproj/Main.storyboard; sourceTree = "<group>"; };
		B33219791FD60C9B008ADC5D /* Assets.xcassets */ = {isa = PBXFileReference; lastKnownFileType = folder.assetcatalog; path = Assets.xcassets; sourceTree = "<group>"; };
		B332197C1FD60C9B008ADC5D /* Base */ = {isa = PBXFileReference; lastKnownFileType = file.storyboard; name = Base; path = Base.lproj/LaunchScreen.storyboard; sourceTree = "<group>"; };
		B332197E1FD60C9B008ADC5D /* Info.plist */ = {isa = PBXFileReference; lastKnownFileType = text.plist.xml; path = Info.plist; sourceTree = "<group>"; };
		B332197F1FD60C9B008ADC5D /* main.m */ = {isa = PBXFileReference; lastKnownFileType = sourcecode.c.objc; path = main.m; sourceTree = "<group>"; };
		B332198C1FD6109B008ADC5D /* HelloSharedUI.iOS.framework */ = {isa = PBXFileReference; lastKnownFileType = wrapper.framework; path = HelloSharedUI.iOS.framework; sourceTree = "<group>"; };
/* End PBXFileReference section */

/* Begin PBXFrameworksBuildPhase section */
		B332196A1FD60C9A008ADC5D /* Frameworks */ = {
			isa = PBXFrameworksBuildPhase;
			buildActionMask = 2147483647;
			files = (
				B332198D1FD6109B008ADC5D /* HelloSharedUI.iOS.framework in Frameworks */,
				B332198F1FD610A9008ADC5D /* HelloSharedUI.iOS.framework in Frameworks */,
			);
			runOnlyForDeploymentPostprocessing = 0;
		};
/* End PBXFrameworksBuildPhase section */

/* Begin PBXGroup section */
		B33219641FD60C9A008ADC5D = {
			isa = PBXGroup;
			children = (
				B332198C1FD6109B008ADC5D /* HelloSharedUI.iOS.framework */,
				B332196F1FD60C9A008ADC5D /* HelloSharedUIObjc */,
				B332196E1FD60C9A008ADC5D /* Products */,
			);
			sourceTree = "<group>";
		};
		B332196E1FD60C9A008ADC5D /* Products */ = {
			isa = PBXGroup;
			children = (
				B332196D1FD60C9A008ADC5D /* HelloSharedUIObjc.app */,
			);
			name = Products;
			sourceTree = "<group>";
		};
		B332196F1FD60C9A008ADC5D /* HelloSharedUIObjc */ = {
			isa = PBXGroup;
			children = (
				B33219701FD60C9A008ADC5D /* AppDelegate.h */,
				B33219711FD60C9A008ADC5D /* AppDelegate.m */,
				B33219731FD60C9A008ADC5D /* ViewController.h */,
				B33219741FD60C9B008ADC5D /* ViewController.m */,
				B33219761FD60C9B008ADC5D /* Main.storyboard */,
				B33219791FD60C9B008ADC5D /* Assets.xcassets */,
				B332197B1FD60C9B008ADC5D /* LaunchScreen.storyboard */,
				B332197E1FD60C9B008ADC5D /* Info.plist */,
				B332197F1FD60C9B008ADC5D /* main.m */,
			);
			path = HelloSharedUIObjc;
			sourceTree = "<group>";
		};
/* End PBXGroup section */

/* Begin PBXNativeTarget section */
		B332196C1FD60C9A008ADC5D /* HelloSharedUIObjc */ = {
			isa = PBXNativeTarget;
			buildConfigurationList = B33219831FD60C9B008ADC5D /* Build configuration list for PBXNativeTarget "HelloSharedUIObjc" */;
			buildPhases = (
				B33219691FD60C9A008ADC5D /* Sources */,
				B332196A1FD60C9A008ADC5D /* Frameworks */,
				B332196B1FD60C9A008ADC5D /* Resources */,
				B332198A1FD60D04008ADC5D /* Embed Frameworks */,
			);
			buildRules = (
			);
			dependencies = (
			);
			name = HelloSharedUIObjc;
			productName = HelloSharedUIObjc;
			productReference = B332196D1FD60C9A008ADC5D /* HelloSharedUIObjc.app */;
			productType = "com.apple.product-type.application";
		};
/* End PBXNativeTarget section */

/* Begin PBXProject section */
		B33219651FD60C9A008ADC5D /* Project object */ = {
			isa = PBXProject;
			attributes = {
				LastUpgradeCheck = 0910;
				ORGANIZATIONNAME = "James Montemagno";
				TargetAttributes = {
					B332196C1FD60C9A008ADC5D = {
						CreatedOnToolsVersion = 9.1;
						ProvisioningStyle = Automatic;
					};
				};
			};
			buildConfigurationList = B33219681FD60C9A008ADC5D /* Build configuration list for PBXProject "HelloSharedUIObjc" */;
			compatibilityVersion = "Xcode 8.0";
			developmentRegion = en;
			hasScannedForEncodings = 0;
			knownRegions = (
				en,
				Base,
			);
			mainGroup = B33219641FD60C9A008ADC5D;
			productRefGroup = B332196E1FD60C9A008ADC5D /* Products */;
			projectDirPath = "";
			projectRoot = "";
			targets = (
				B332196C1FD60C9A008ADC5D /* HelloSharedUIObjc */,
			);
		};
/* End PBXProject section */

/* Begin PBXResourcesBuildPhase section */
		B332196B1FD60C9A008ADC5D /* Resources */ = {
			isa = PBXResourcesBuildPhase;
			buildActionMask = 2147483647;
			files = (
				B332198E1FD610A1008ADC5D /* HelloSharedUI.iOS.framework in Resources */,
				B332197D1FD60C9B008ADC5D /* LaunchScreen.storyboard in Resources */,
				B332197A1FD60C9B008ADC5D /* Assets.xcassets in Resources */,
				B33219781FD60C9B008ADC5D /* Main.storyboard in Resources */,
			);
			runOnlyForDeploymentPostprocessing = 0;
		};
/* End PBXResourcesBuildPhase section */

/* Begin PBXSourcesBuildPhase section */
		B33219691FD60C9A008ADC5D /* Sources */ = {
			isa = PBXSourcesBuildPhase;
			buildActionMask = 2147483647;
			files = (
				B33219751FD60C9B008ADC5D /* ViewController.m in Sources */,
				B33219801FD60C9B008ADC5D /* main.m in Sources */,
				B33219721FD60C9A008ADC5D /* AppDelegate.m in Sources */,
			);
			runOnlyForDeploymentPostprocessing = 0;
		};
/* End PBXSourcesBuildPhase section */

/* Begin PBXVariantGroup section */
		B33219761FD60C9B008ADC5D /* Main.storyboard */ = {
			isa = PBXVariantGroup;
			children = (
				B33219771FD60C9B008ADC5D /* Base */,
			);
			name = Main.storyboard;
			sourceTree = "<group>";
		};
		B332197B1FD60C9B008ADC5D /* LaunchScreen.storyboard */ = {
			isa = PBXVariantGroup;
			children = (
				B332197C1FD60C9B008ADC5D /* Base */,
			);
			name = LaunchScreen.storyboard;
			sourceTree = "<group>";
		};
/* End PBXVariantGroup section */

/* Begin XCBuildConfiguration section */
		B33219811FD60C9B008ADC5D /* Debug */ = {
			isa = XCBuildConfiguration;
			buildSettings = {
				ALWAYS_SEARCH_USER_PATHS = NO;
				CLANG_ANALYZER_NONNULL = YES;
				CLANG_ANALYZER_NUMBER_OBJECT_CONVERSION = YES_AGGRESSIVE;
				CLANG_CXX_LANGUAGE_STANDARD = "gnu++14";
				CLANG_CXX_LIBRARY = "libc++";
				CLANG_ENABLE_MODULES = YES;
				CLANG_ENABLE_OBJC_ARC = YES;
				CLANG_WARN_BLOCK_CAPTURE_AUTORELEASING = YES;
				CLANG_WARN_BOOL_CONVERSION = YES;
				CLANG_WARN_COMMA = YES;
				CLANG_WARN_CONSTANT_CONVERSION = YES;
				CLANG_WARN_DIRECT_OBJC_ISA_USAGE = YES_ERROR;
				CLANG_WARN_DOCUMENTATION_COMMENTS = YES;
				CLANG_WARN_EMPTY_BODY = YES;
				CLANG_WARN_ENUM_CONVERSION = YES;
				CLANG_WARN_INFINITE_RECURSION = YES;
				CLANG_WARN_INT_CONVERSION = YES;
				CLANG_WARN_NON_LITERAL_NULL_CONVERSION = YES;
				CLANG_WARN_OBJC_LITERAL_CONVERSION = YES;
				CLANG_WARN_OBJC_ROOT_CLASS = YES_ERROR;
				CLANG_WARN_RANGE_LOOP_ANALYSIS = YES;
				CLANG_WARN_STRICT_PROTOTYPES = YES;
				CLANG_WARN_SUSPICIOUS_MOVE = YES;
				CLANG_WARN_UNGUARDED_AVAILABILITY = YES_AGGRESSIVE;
				CLANG_WARN_UNREACHABLE_CODE = YES;
				CLANG_WARN__DUPLICATE_METHOD_MATCH = YES;
				CODE_SIGN_IDENTITY = "iPhone Developer";
				COPY_PHASE_STRIP = NO;
				DEBUG_INFORMATION_FORMAT = dwarf;
				ENABLE_STRICT_OBJC_MSGSEND = YES;
				ENABLE_TESTABILITY = YES;
				GCC_C_LANGUAGE_STANDARD = gnu11;
				GCC_DYNAMIC_NO_PIC = NO;
				GCC_NO_COMMON_BLOCKS = YES;
				GCC_OPTIMIZATION_LEVEL = 0;
				GCC_PREPROCESSOR_DEFINITIONS = (
					"DEBUG=1",
					"$(inherited)",
				);
				GCC_WARN_64_TO_32_BIT_CONVERSION = YES;
				GCC_WARN_ABOUT_RETURN_TYPE = YES_ERROR;
				GCC_WARN_UNDECLARED_SELECTOR = YES;
				GCC_WARN_UNINITIALIZED_AUTOS = YES_AGGRESSIVE;
				GCC_WARN_UNUSED_FUNCTION = YES;
				GCC_WARN_UNUSED_VARIABLE = YES;
				IPHONEOS_DEPLOYMENT_TARGET = 11.1;
				MTL_ENABLE_DEBUG_INFO = YES;
				ONLY_ACTIVE_ARCH = YES;
				SDKROOT = iphoneos;
			};
			name = Debug;
		};
		B33219821FD60C9B008ADC5D /* Release */ = {
			isa = XCBuildConfiguration;
			buildSettings = {
				ALWAYS_SEARCH_USER_PATHS = NO;
				CLANG_ANALYZER_NONNULL = YES;
				CLANG_ANALYZER_NUMBER_OBJECT_CONVERSION = YES_AGGRESSIVE;
				CLANG_CXX_LANGUAGE_STANDARD = "gnu++14";
				CLANG_CXX_LIBRARY = "libc++";
				CLANG_ENABLE_MODULES = YES;
				CLANG_ENABLE_OBJC_ARC = YES;
				CLANG_WARN_BLOCK_CAPTURE_AUTORELEASING = YES;
				CLANG_WARN_BOOL_CONVERSION = YES;
				CLANG_WARN_COMMA = YES;
				CLANG_WARN_CONSTANT_CONVERSION = YES;
				CLANG_WARN_DIRECT_OBJC_ISA_USAGE = YES_ERROR;
				CLANG_WARN_DOCUMENTATION_COMMENTS = YES;
				CLANG_WARN_EMPTY_BODY = YES;
				CLANG_WARN_ENUM_CONVERSION = YES;
				CLANG_WARN_INFINITE_RECURSION = YES;
				CLANG_WARN_INT_CONVERSION = YES;
				CLANG_WARN_NON_LITERAL_NULL_CONVERSION = YES;
				CLANG_WARN_OBJC_LITERAL_CONVERSION = YES;
				CLANG_WARN_OBJC_ROOT_CLASS = YES_ERROR;
				CLANG_WARN_RANGE_LOOP_ANALYSIS = YES;
				CLANG_WARN_STRICT_PROTOTYPES = YES;
				CLANG_WARN_SUSPICIOUS_MOVE = YES;
				CLANG_WARN_UNGUARDED_AVAILABILITY = YES_AGGRESSIVE;
				CLANG_WARN_UNREACHABLE_CODE = YES;
				CLANG_WARN__DUPLICATE_METHOD_MATCH = YES;
				CODE_SIGN_IDENTITY = "iPhone Developer";
				COPY_PHASE_STRIP = NO;
				DEBUG_INFORMATION_FORMAT = "dwarf-with-dsym";
				ENABLE_NS_ASSERTIONS = NO;
				ENABLE_STRICT_OBJC_MSGSEND = YES;
				GCC_C_LANGUAGE_STANDARD = gnu11;
				GCC_NO_COMMON_BLOCKS = YES;
				GCC_WARN_64_TO_32_BIT_CONVERSION = YES;
				GCC_WARN_ABOUT_RETURN_TYPE = YES_ERROR;
				GCC_WARN_UNDECLARED_SELECTOR = YES;
				GCC_WARN_UNINITIALIZED_AUTOS = YES_AGGRESSIVE;
				GCC_WARN_UNUSED_FUNCTION = YES;
				GCC_WARN_UNUSED_VARIABLE = YES;
				IPHONEOS_DEPLOYMENT_TARGET = 11.1;
				MTL_ENABLE_DEBUG_INFO = NO;
				SDKROOT = iphoneos;
				VALIDATE_PRODUCT = YES;
			};
			name = Release;
		};
		B33219841FD60C9B008ADC5D /* Debug */ = {
			isa = XCBuildConfiguration;
			buildSettings = {
				ASSETCATALOG_COMPILER_APPICON_NAME = AppIcon;
				CODE_SIGN_STYLE = Automatic;
				FRAMEWORK_SEARCH_PATHS = (
					"$(inherited)",
					"$(PROJECT_DIR)",
				);
				INFOPLIST_FILE = HelloSharedUIObjc/Info.plist;
				LD_RUNPATH_SEARCH_PATHS = "$(inherited) @executable_path/Frameworks";
				PRODUCT_BUNDLE_IDENTIFIER = com.refreactored.HelloSharedUIObjc;
				PRODUCT_NAME = "$(TARGET_NAME)";
				TARGETED_DEVICE_FAMILY = "1,2";
			};
			name = Debug;
		};
		B33219851FD60C9B008ADC5D /* Release */ = {
			isa = XCBuildConfiguration;
			buildSettings = {
				ASSETCATALOG_COMPILER_APPICON_NAME = AppIcon;
				CODE_SIGN_STYLE = Automatic;
				FRAMEWORK_SEARCH_PATHS = (
					"$(inherited)",
					"$(PROJECT_DIR)",
				);
				INFOPLIST_FILE = HelloSharedUIObjc/Info.plist;
				LD_RUNPATH_SEARCH_PATHS = "$(inherited) @executable_path/Frameworks";
				PRODUCT_BUNDLE_IDENTIFIER = com.refreactored.HelloSharedUIObjc;
				PRODUCT_NAME = "$(TARGET_NAME)";
				TARGETED_DEVICE_FAMILY = "1,2";
			};
			name = Release;
		};
/* End XCBuildConfiguration section */

/* Begin XCConfigurationList section */
		B33219681FD60C9A008ADC5D /* Build configuration list for PBXProject "HelloSharedUIObjc" */ = {
			isa = XCConfigurationList;
			buildConfigurations = (
				B33219811FD60C9B008ADC5D /* Debug */,
				B33219821FD60C9B008ADC5D /* Release */,
			);
			defaultConfigurationIsVisible = 0;
			defaultConfigurationName = Release;
		};
		B33219831FD60C9B008ADC5D /* Build configuration list for PBXNativeTarget "HelloSharedUIObjc" */ = {
			isa = XCConfigurationList;
			buildConfigurations = (
				B33219841FD60C9B008ADC5D /* Debug */,
				B33219851FD60C9B008ADC5D /* Release */,
			);
			defaultConfigurationIsVisible = 0;
			defaultConfigurationName = Release;
		};
/* End XCConfigurationList section */
	};
	rootObject = B33219651FD60C9A008ADC5D /* Project object */;
}
